// !$*UTF8*$!
{
	archiveVersion = 1;
	classes = {
	};
	objectVersion = 46;
	objects = {

/* Begin PBXBuildFile section */
		092CB6C120005D49008C04E1 /* CardFaceView.swift in Sources */ = {isa = PBXBuildFile; fileRef = 092CB6C020005D49008C04E1 /* CardFaceView.swift */; };
		094BD4E11FE9B174005A6C7E /* AppDelegate.swift in Sources */ = {isa = PBXBuildFile; fileRef = 094BD4E01FE9B174005A6C7E /* AppDelegate.swift */; };
		094BD4E31FE9B174005A6C7E /* ViewController.swift in Sources */ = {isa = PBXBuildFile; fileRef = 094BD4E21FE9B174005A6C7E /* ViewController.swift */; };
		094BD4E61FE9B174005A6C7E /* Main.storyboard in Resources */ = {isa = PBXBuildFile; fileRef = 094BD4E41FE9B174005A6C7E /* Main.storyboard */; };
		094BD4E81FE9B174005A6C7E /* Assets.xcassets in Resources */ = {isa = PBXBuildFile; fileRef = 094BD4E71FE9B174005A6C7E /* Assets.xcassets */; };
		094BD4EB1FE9B174005A6C7E /* LaunchScreen.storyboard in Resources */ = {isa = PBXBuildFile; fileRef = 094BD4E91FE9B174005A6C7E /* LaunchScreen.storyboard */; };
		094BD4F31FE9B641005A6C7E /* SetGameModel.swift in Sources */ = {isa = PBXBuildFile; fileRef = 094BD4F21FE9B641005A6C7E /* SetGameModel.swift */; };
		094BD4F51FE9B6E0005A6C7E /* Card.swift in Sources */ = {isa = PBXBuildFile; fileRef = 094BD4F41FE9B6E0005A6C7E /* Card.swift */; };
		09598683200D6E10001931CC /* SymbolView.swift in Sources */ = {isa = PBXBuildFile; fileRef = 09598682200D6E10001931CC /* SymbolView.swift */; };
/* End PBXBuildFile section */

/* Begin PBXFileReference section */
		092CB6C020005D49008C04E1 /* CardFaceView.swift */ = {isa = PBXFileReference; fileEncoding = 4; lastKnownFileType = sourcecode.swift; path = CardFaceView.swift; sourceTree = "<group>"; };
		094BD4DD1FE9B174005A6C7E /* Set Game.app */ = {isa = PBXFileReference; explicitFileType = wrapper.application; includeInIndex = 0; path = "Set Game.app"; sourceTree = BUILT_PRODUCTS_DIR; };
		094BD4E01FE9B174005A6C7E /* AppDelegate.swift */ = {isa = PBXFileReference; lastKnownFileType = sourcecode.swift; path = AppDelegate.swift; sourceTree = "<group>"; };
		094BD4E21FE9B174005A6C7E /* ViewController.swift */ = {isa = PBXFileReference; lastKnownFileType = sourcecode.swift; path = ViewController.swift; sourceTree = "<group>"; };
		094BD4E51FE9B174005A6C7E /* Base */ = {isa = PBXFileReference; lastKnownFileType = file.storyboard; name = Base; path = Base.lproj/Main.storyboard; sourceTree = "<group>"; };
		094BD4E71FE9B174005A6C7E /* Assets.xcassets */ = {isa = PBXFileReference; lastKnownFileType = folder.assetcatalog; path = Assets.xcassets; sourceTree = "<group>"; };
		094BD4EA1FE9B174005A6C7E /* Base */ = {isa = PBXFileReference; lastKnownFileType = file.storyboard; name = Base; path = Base.lproj/LaunchScreen.storyboard; sourceTree = "<group>"; };
		094BD4EC1FE9B174005A6C7E /* Info.plist */ = {isa = PBXFileReference; lastKnownFileType = text.plist.xml; path = Info.plist; sourceTree = "<group>"; };
		094BD4F21FE9B641005A6C7E /* SetGameModel.swift */ = {isa = PBXFileReference; fileEncoding = 4; lastKnownFileType = sourcecode.swift; path = SetGameModel.swift; sourceTree = "<group>"; };
		094BD4F41FE9B6E0005A6C7E /* Card.swift */ = {isa = PBXFileReference; fileEncoding = 4; lastKnownFileType = sourcecode.swift; path = Card.swift; sourceTree = "<group>"; };
		09598682200D6E10001931CC /* SymbolView.swift */ = {isa = PBXFileReference; fileEncoding = 4; lastKnownFileType = sourcecode.swift; path = SymbolView.swift; sourceTree = "<group>"; };
/* End PBXFileReference section */

/* Begin PBXFrameworksBuildPhase section */
		094BD4DA1FE9B174005A6C7E /* Frameworks */ = {
			isa = PBXFrameworksBuildPhase;
			buildActionMask = 2147483647;
			files = (
			);
			runOnlyForDeploymentPostprocessing = 0;
		};
/* End PBXFrameworksBuildPhase section */

/* Begin PBXGroup section */
		094BD4D41FE9B173005A6C7E = {
			isa = PBXGroup;
			children = (
				094BD4DF1FE9B174005A6C7E /* Set Game */,
				094BD4DE1FE9B174005A6C7E /* Products */,
			);
			sourceTree = "<group>";
		};
		094BD4DE1FE9B174005A6C7E /* Products */ = {
			isa = PBXGroup;
			children = (
				094BD4DD1FE9B174005A6C7E /* Set Game.app */,
			);
			name = Products;
			sourceTree = "<group>";
		};
		094BD4DF1FE9B174005A6C7E /* Set Game */ = {
			isa = PBXGroup;
			children = (
				092CB6C020005D49008C04E1 /* CardFaceView.swift */,
				094BD4F21FE9B641005A6C7E /* SetGameModel.swift */,
				094BD4F41FE9B6E0005A6C7E /* Card.swift */,
				094BD4E01FE9B174005A6C7E /* AppDelegate.swift */,
				094BD4E21FE9B174005A6C7E /* ViewController.swift */,
				094BD4E41FE9B174005A6C7E /* Main.storyboard */,
				094BD4E71FE9B174005A6C7E /* Assets.xcassets */,
				094BD4E91FE9B174005A6C7E /* LaunchScreen.storyboard */,
				094BD4EC1FE9B174005A6C7E /* Info.plist */,
				09598682200D6E10001931CC /* SymbolView.swift */,
			);
			path = "Set Game";
			sourceTree = "<group>";
		};
/* End PBXGroup section */

/* Begin PBXNativeTarget section */
		094BD4DC1FE9B174005A6C7E /* Set Game */ = {
			isa = PBXNativeTarget;
			buildConfigurationList = 094BD4EF1FE9B174005A6C7E /* Build configuration list for PBXNativeTarget "Set Game" */;
			buildPhases = (
				094BD4D91FE9B174005A6C7E /* Sources */,
				094BD4DA1FE9B174005A6C7E /* Frameworks */,
				094BD4DB1FE9B174005A6C7E /* Resources */,
			);
			buildRules = (
			);
			dependencies = (
			);
			name = "Set Game";
			productName = "Set Game";
			productReference = 094BD4DD1FE9B174005A6C7E /* Set Game.app */;
			productType = "com.apple.product-type.application";
		};
/* End PBXNativeTarget section */

/* Begin PBXProject section */
		094BD4D51FE9B173005A6C7E /* Project object */ = {
			isa = PBXProject;
			attributes = {
				LastSwiftUpdateCheck = 0820;
				LastUpgradeCheck = 0820;
				ORGANIZATIONNAME = "Andrius Kelly";
				TargetAttributes = {
					094BD4DC1FE9B174005A6C7E = {
						CreatedOnToolsVersion = 8.2.1;
						DevelopmentTeam = 43ZCY2F733;
						ProvisioningStyle = Automatic;
					};
				};
			};
			buildConfigurationList = 094BD4D81FE9B173005A6C7E /* Build configuration list for PBXProject "Set Game" */;
			compatibilityVersion = "Xcode 3.2";
			developmentRegion = English;
			hasScannedForEncodings = 0;
			knownRegions = (
				en,
				Base,
			);
			mainGroup = 094BD4D41FE9B173005A6C7E;
			productRefGroup = 094BD4DE1FE9B174005A6C7E /* Products */;
			projectDirPath = "";
			projectRoot = "";
			targets = (
				094BD4DC1FE9B174005A6C7E /* Set Game */,
			);
		};
/* End PBXProject section */

/* Begin PBXResourcesBuildPhase section */
		094BD4DB1FE9B174005A6C7E /* Resources */ = {
			isa = PBXResourcesBuildPhase;
			buildActionMask = 2147483647;
			files = (
				094BD4EB1FE9B174005A6C7E /* LaunchScreen.storyboard in Resources */,
				094BD4E81FE9B174005A6C7E /* Assets.xcassets in Resources */,
				094BD4E61FE9B174005A6C7E /* Main.storyboard in Resources */,
			);
			runOnlyForDeploymentPostprocessing = 0;
		};
/* End PBXResourcesBuildPhase section */

/* Begin PBXSourcesBuildPhase section */
		094BD4D91FE9B174005A6C7E /* Sources */ = {
			isa = PBXSourcesBuildPhase;
			buildActionMask = 2147483647;
			files = (
				09598683200D6E10001931CC /* SymbolView.swift in Sources */,
				092CB6C120005D49008C04E1 /* CardFaceView.swift in Sources */,
				094BD4E31FE9B174005A6C7E /* ViewController.swift in Sources */,
				094BD4E11FE9B174005A6C7E /* AppDelegate.swift in Sources */,
				094BD4F31FE9B641005A6C7E /* SetGameModel.swift in Sources */,
				094BD4F51FE9B6E0005A6C7E /* Card.swift in Sources */,
			);
			runOnlyForDeploymentPostprocessing = 0;
		};
/* End PBXSourcesBuildPhase section */

/* Begin PBXVariantGroup section */
		094BD4E41FE9B174005A6C7E /* Main.storyboard */ = {
			isa = PBXVariantGroup;
			children = (
				094BD4E51FE9B174005A6C7E /* Base */,
			);
			name = Main.storyboard;
			sourceTree = "<group>";
		};
		094BD4E91FE9B174005A6C7E /* LaunchScreen.storyboard */ = {
			isa = PBXVariantGroup;
			children = (
				094BD4EA1FE9B174005A6C7E /* Base */,
			);
			name = LaunchScreen.storyboard;
			sourceTree = "<group>";
		};
/* End PBXVariantGroup section */

/* Begin XCBuildConfiguration section */
		094BD4ED1FE9B174005A6C7E /* Debug */ = {
			isa = XCBuildConfiguration;
			buildSettings = {
				ALWAYS_SEARCH_USER_PATHS = NO;
				CLANG_ANALYZER_NONNULL = YES;
				CLANG_CXX_LANGUAGE_STANDARD = "gnu++0x";
				CLANG_CXX_LIBRARY = "libc++";
				CLANG_ENABLE_MODULES = YES;
				CLANG_ENABLE_OBJC_ARC = YES;
				CLANG_WARN_BOOL_CONVERSION = YES;
				CLANG_WARN_CONSTANT_CONVERSION = YES;
				CLANG_WARN_DIRECT_OBJC_ISA_USAGE = YES_ERROR;
				CLANG_WARN_DOCUMENTATION_COMMENTS = YES;
				CLANG_WARN_EMPTY_BODY = YES;
				CLANG_WARN_ENUM_CONVERSION = YES;
				CLANG_WARN_INFINITE_RECURSION = YES;
				CLANG_WARN_INT_CONVERSION = YES;
				CLANG_WARN_OBJC_ROOT_CLASS = YES_ERROR;
				CLANG_WARN_SUSPICIOUS_MOVE = YES;
				CLANG_WARN_UNREACHABLE_CODE = YES;
				CLANG_WARN__DUPLICATE_METHOD_MATCH = YES;
				"CODE_SIGN_IDENTITY[sdk=iphoneos*]" = "iPhone Developer";
				COPY_PHASE_STRIP = NO;
				DEBUG_INFORMATION_FORMAT = dwarf;
				ENABLE_STRICT_OBJC_MSGSEND = YES;
				ENABLE_TESTABILITY = YES;
				GCC_C_LANGUAGE_STANDARD = gnu99;
				GCC_DYNAMIC_NO_PIC = NO;
				GCC_NO_COMMON_BLOCKS = YES;
				GCC_OPTIMIZATION_LEVEL = 0;
				GCC_PREPROCESSOR_DEFINITIONS = (
					"DEBUG=1",
					"$(inherited)",
				);
				GCC_WARN_64_TO_32_BIT_CONVERSION = YES;
				GCC_WARN_ABOUT_RETURN_TYPE = YES_ERROR;
				GCC_WARN_UNDECLARED_SELECTOR = YES;
				GCC_WARN_UNINITIALIZED_AUTOS = YES_AGGRESSIVE;
				GCC_WARN_UNUSED_FUNCTION = YES;
				GCC_WARN_UNUSED_VARIABLE = YES;
				IPHONEOS_DEPLOYMENT_TARGET = 10.2;
				MTL_ENABLE_DEBUG_INFO = YES;
				ONLY_ACTIVE_ARCH = YES;
				SDKROOT = iphoneos;
				SWIFT_ACTIVE_COMPILATION_CONDITIONS = DEBUG;
				SWIFT_OPTIMIZATION_LEVEL = "-Onone";
				TARGETED_DEVICE_FAMILY = "1,2";
			};
			name = Debug;
		};
		094BD4EE1FE9B174005A6C7E /* Release */ = {
			isa = XCBuildConfiguration;
			buildSettings = {
				ALWAYS_SEARCH_USER_PATHS = NO;
				CLANG_ANALYZER_NONNULL = YES;
				CLANG_CXX_LANGUAGE_STANDARD = "gnu++0x";
				CLANG_CXX_LIBRARY = "libc++";
				CLANG_ENABLE_MODULES = YES;
				CLANG_ENABLE_OBJC_ARC = YES;
				CLANG_WARN_BOOL_CONVERSION = YES;
				CLANG_WARN_CONSTANT_CONVERSION = YES;
				CLANG_WARN_DIRECT_OBJC_ISA_USAGE = YES_ERROR;
				CLANG_WARN_DOCUMENTATION_COMMENTS = YES;
				CLANG_WARN_EMPTY_BODY = YES;
				CLANG_WARN_ENUM_CONVERSION = YES;
				CLANG_WARN_INFINITE_RECURSION = YES;
				CLANG_WARN_INT_CONVERSION = YES;
				CLANG_WARN_OBJC_ROOT_CLASS = YES_ERROR;
				CLANG_WARN_SUSPICIOUS_MOVE = YES;
				CLANG_WARN_UNREACHABLE_CODE = YES;
				CLANG_WARN__DUPLICATE_METHOD_MATCH = YES;
				"CODE_SIGN_IDENTITY[sdk=iphoneos*]" = "iPhone Developer";
				COPY_PHASE_STRIP = NO;
				DEBUG_INFORMATION_FORMAT = "dwarf-with-dsym";
				ENABLE_NS_ASSERTIONS = NO;
				ENABLE_STRICT_OBJC_MSGSEND = YES;
				GCC_C_LANGUAGE_STANDARD = gnu99;
				GCC_NO_COMMON_BLOCKS = YES;
				GCC_WARN_64_TO_32_BIT_CONVERSION = YES;
				GCC_WARN_ABOUT_RETURN_TYPE = YES_ERROR;
				GCC_WARN_UNDECLARED_SELECTOR = YES;
				GCC_WARN_UNINITIALIZED_AUTOS = YES_AGGRESSIVE;
				GCC_WARN_UNUSED_FUNCTION = YES;
				GCC_WARN_UNUSED_VARIABLE = YES;
				IPHONEOS_DEPLOYMENT_TARGET = 10.2;
				MTL_ENABLE_DEBUG_INFO = NO;
				SDKROOT = iphoneos;
				SWIFT_OPTIMIZATION_LEVEL = "-Owholemodule";
				TARGETED_DEVICE_FAMILY = "1,2";
				VALIDATE_PRODUCT = YES;
			};
			name = Release;
		};
		094BD4F01FE9B174005A6C7E /* Debug */ = {
			isa = XCBuildConfiguration;
			buildSettings = {
				ASSETCATALOG_COMPILER_APPICON_NAME = AppIcon;
				DEVELOPMENT_TEAM = 43ZCY2F733;
				INFOPLIST_FILE = "Set Game/Info.plist";
				LD_RUNPATH_SEARCH_PATHS = "$(inherited) @executable_path/Frameworks";
				PRODUCT_BUNDLE_IDENTIFIER = "AndriusKelly.Set-Game";
				PRODUCT_NAME = "$(TARGET_NAME)";
				SWIFT_VERSION = 3.0;
			};
			name = Debug;
		};
		094BD4F11FE9B174005A6C7E /* Release */ = {
			isa = XCBuildConfiguration;
			buildSettings = {
				ASSETCATALOG_COMPILER_APPICON_NAME = AppIcon;
				DEVELOPMENT_TEAM = 43ZCY2F733;
				INFOPLIST_FILE = "Set Game/Info.plist";
				LD_RUNPATH_SEARCH_PATHS = "$(inherited) @executable_path/Frameworks";
				PRODUCT_BUNDLE_IDENTIFIER = "AndriusKelly.Set-Game";
				PRODUCT_NAME = "$(TARGET_NAME)";
				SWIFT_VERSION = 3.0;
			};
			name = Release;
		};
/* End XCBuildConfiguration section */

/* Begin XCConfigurationList section */
		094BD4D81FE9B173005A6C7E /* Build configuration list for PBXProject "Set Game" */ = {
			isa = XCConfigurationList;
			buildConfigurations = (
				094BD4ED1FE9B174005A6C7E /* Debug */,
				094BD4EE1FE9B174005A6C7E /* Release */,
			);
			defaultConfigurationIsVisible = 0;
			defaultConfigurationName = Release;
		};
		094BD4EF1FE9B174005A6C7E /* Build configuration list for PBXNativeTarget "Set Game" */ = {
			isa = XCConfigurationList;
			buildConfigurations = (
				094BD4F01FE9B174005A6C7E /* Debug */,
				094BD4F11FE9B174005A6C7E /* Release */,
			);
			defaultConfigurationIsVisible = 0;
			defaultConfigurationName = Release;
		};
/* End XCConfigurationList section */
	};
	rootObject = 094BD4D51FE9B173005A6C7E /* Project object */;
}
